
Microsoft Visual Studio Solution File, Format Version 12.00
# Visual Studio Version 16
VisualStudioVersion = 16.0.30711.63
MinimumVisualStudioVersion = 10.0.40219.1
Project("{2150E333-8FDC-42A3-9474-1A3956D46DE8}") = "CodeBase", "CodeBase", "{65788AC4-32F5-4008-9508-83E536B4A2BA}"
EndProject
Project("{2150E333-8FDC-42A3-9474-1A3956D46DE8}") = "Catalog.Microservice", "Catalog.Microservice", "{85ADC3BC-1968-4D6A-8D57-F073324AA7A3}"
EndProject
Project("{9A19103F-16F7-4668-BE54-9A1E7A4F7556}") = "Catalog.API", "CodeBase\Catalog.Microservice\Catalog.API\Catalog.API.csproj", "{C5D72D20-2E35-49E0-B81C-7C7D96000F5E}"
EndProject
Project("{E53339B2-1760-4266-BCC7-CA923CBCF16C}") = "docker-compose", "docker-compose.dcproj", "{52533186-D77D-4391-A458-7CC2275B3DF9}"
EndProject
Project("{2150E333-8FDC-42A3-9474-1A3956D46DE8}") = "Basket.Microservice", "Basket.Microservice", "{8C25BEF5-D3DE-435A-93F2-342EB5CCB6EE}"
EndProject
Project("{9A19103F-16F7-4668-BE54-9A1E7A4F7556}") = "Basket.API", "CodeBase\Basket.Microservice\Basket.API\Basket.API.csproj", "{F4B01BDD-FCDF-4B04-9129-E2978B2D0336}"
EndProject
Project("{2150E333-8FDC-42A3-9474-1A3956D46DE8}") = "Common", "Common", "{D89C8BE9-209B-456E-9435-8F65CDA336E5}"
EndProject
Project("{FAE04EC0-301F-11D3-BF4B-00C04F79EFBC}") = "EventBusRabbitMQ", "CodeBase\Common\EvetnBusRabbitMQ\EventBusRabbitMQ.csproj", "{8824D860-8333-47D9-8820-BD58C723D452}"
EndProject
Global
	GlobalSection(SolutionConfigurationPlatforms) = preSolution
		Debug|Any CPU = Debug|Any CPU
		Release|Any CPU = Release|Any CPU
	EndGlobalSection
	GlobalSection(ProjectConfigurationPlatforms) = postSolution
		{C5D72D20-2E35-49E0-B81C-7C7D96000F5E}.Debug|Any CPU.ActiveCfg = Debug|Any CPU
		{C5D72D20-2E35-49E0-B81C-7C7D96000F5E}.Debug|Any CPU.Build.0 = Debug|Any CPU
		{C5D72D20-2E35-49E0-B81C-7C7D96000F5E}.Release|Any CPU.ActiveCfg = Release|Any CPU
		{C5D72D20-2E35-49E0-B81C-7C7D96000F5E}.Release|Any CPU.Build.0 = Release|Any CPU
		{52533186-D77D-4391-A458-7CC2275B3DF9}.Debug|Any CPU.ActiveCfg = Debug|Any CPU
		{52533186-D77D-4391-A458-7CC2275B3DF9}.Debug|Any CPU.Build.0 = Debug|Any CPU
		{52533186-D77D-4391-A458-7CC2275B3DF9}.Release|Any CPU.ActiveCfg = Release|Any CPU
		{52533186-D77D-4391-A458-7CC2275B3DF9}.Release|Any CPU.Build.0 = Release|Any CPU
		{F4B01BDD-FCDF-4B04-9129-E2978B2D0336}.Debug|Any CPU.ActiveCfg = Debug|Any CPU
		{F4B01BDD-FCDF-4B04-9129-E2978B2D0336}.Debug|Any CPU.Build.0 = Debug|Any CPU
		{F4B01BDD-FCDF-4B04-9129-E2978B2D0336}.Release|Any CPU.ActiveCfg = Release|Any CPU
		{F4B01BDD-FCDF-4B04-9129-E2978B2D0336}.Release|Any CPU.Build.0 = Release|Any CPU
		{8824D860-8333-47D9-8820-BD58C723D452}.Debug|Any CPU.ActiveCfg = Debug|Any CPU
		{8824D860-8333-47D9-8820-BD58C723D452}.Debug|Any CPU.Build.0 = Debug|Any CPU
		{8824D860-8333-47D9-8820-BD58C723D452}.Release|Any CPU.ActiveCfg = Release|Any CPU
		{8824D860-8333-47D9-8820-BD58C723D452}.Release|Any CPU.Build.0 = Release|Any CPU
	EndGlobalSection
	GlobalSection(SolutionProperties) = preSolution
		HideSolutionNode = FALSE
	EndGlobalSection
	GlobalSection(NestedProjects) = preSolution
		{85ADC3BC-1968-4D6A-8D57-F073324AA7A3} = {65788AC4-32F5-4008-9508-83E536B4A2BA}
		{C5D72D20-2E35-49E0-B81C-7C7D96000F5E} = {85ADC3BC-1968-4D6A-8D57-F073324AA7A3}
		{8C25BEF5-D3DE-435A-93F2-342EB5CCB6EE} = {65788AC4-32F5-4008-9508-83E536B4A2BA}
		{F4B01BDD-FCDF-4B04-9129-E2978B2D0336} = {8C25BEF5-D3DE-435A-93F2-342EB5CCB6EE}
		{D89C8BE9-209B-456E-9435-8F65CDA336E5} = {65788AC4-32F5-4008-9508-83E536B4A2BA}
		{8824D860-8333-47D9-8820-BD58C723D452} = {D89C8BE9-209B-456E-9435-8F65CDA336E5}
	EndGlobalSection
	GlobalSection(ExtensibilityGlobals) = postSolution
		SolutionGuid = {4981E96C-AC66-4D61-B8DB-F3FA35D12A1F}
	EndGlobalSection
EndGlobal
